
Microsoft Visual Studio Solution File, Format Version 12.00
# Visual Studio Version 16
VisualStudioVersion = 16.0.28729.10
MinimumVisualStudioVersion = 10.0.40219.1
Project("{FAE04EC0-301F-11D3-BF4B-00C04F79EFBC}") = "iMeeting.WebUi", "Testing iMeeting\iMeeting.WebUi.csproj", "{BDABDEC8-24B3-494F-A7BF-66DB71CDC0BA}"
EndProject
Project("{FAE04EC0-301F-11D3-BF4B-00C04F79EFBC}") = "iMeeting.BLL", "iMeeting.DAL\iMeeting.BLL.csproj", "{E6F05C4F-76C4-49C1-B364-878620D5E01B}"
EndProject
Project("{FAE04EC0-301F-11D3-BF4B-00C04F79EFBC}") = "iMeeting.DAL", "iMeeting.BAL\iMeeting.DAL.csproj", "{159F7012-78A9-47E0-B086-5B862CE51FA3}"
EndProject
Project("{2150E333-8FDC-42A3-9474-1A3956D46DE8}") = "Project Designs", "Project Designs", "{F4FF1F07-77D8-4914-BD52-F4CA929E9610}"
	ProjectSection(SolutionItems) = preProject
		..\..\..\Pictures\Screenshots\iMeeting\Add Meeting (Admin View ).png = ..\..\..\Pictures\Screenshots\iMeeting\Add Meeting (Admin View ).png
		..\..\..\Pictures\Screenshots\iMeeting\Cancell Meeting (Admin View ).png = ..\..\..\Pictures\Screenshots\iMeeting\Cancell Meeting (Admin View ).png
		..\..\..\Pictures\Screenshots\iMeeting\Create Meeting(Admin VIew).png = ..\..\..\Pictures\Screenshots\iMeeting\Create Meeting(Admin VIew).png
		..\..\..\Pictures\Screenshots\iMeeting\Create Room (Admin View  ).png = ..\..\..\Pictures\Screenshots\iMeeting\Create Room (Admin View  ).png
		..\..\..\Pictures\Screenshots\iMeeting\Delete User.png = ..\..\..\Pictures\Screenshots\iMeeting\Delete User.png
		..\..\..\Pictures\Screenshots\iMeeting\Edit Room (Admin View ).png = ..\..\..\Pictures\Screenshots\iMeeting\Edit Room (Admin View ).png
		..\..\..\Pictures\Screenshots\iMeeting\Filter By date (Admin View ).png = ..\..\..\Pictures\Screenshots\iMeeting\Filter By date (Admin View ).png
		..\..\..\Pictures\Screenshots\iMeeting\Import users from AMS.png = ..\..\..\Pictures\Screenshots\iMeeting\Import users from AMS.png
		..\..\..\Pictures\Screenshots\iMeeting\Login.png = ..\..\..\Pictures\Screenshots\iMeeting\Login.png
		..\..\..\Pictures\Screenshots\iMeeting\Meeting List(Admin View).png = ..\..\..\Pictures\Screenshots\iMeeting\Meeting List(Admin View).png
		..\..\..\Pictures\Screenshots\iMeeting\User Meeting List View 2.png = ..\..\..\Pictures\Screenshots\iMeeting\User Meeting List View 2.png
		..\..\..\Pictures\Screenshots\iMeeting\User Meeting List View.png = ..\..\..\Pictures\Screenshots\iMeeting\User Meeting List View.png
		..\..\..\Pictures\Screenshots\iMeeting\Venue & User Management(Admin View ).png = ..\..\..\Pictures\Screenshots\iMeeting\Venue & User Management(Admin View ).png
		..\..\..\Pictures\Screenshots\iMeeting\View Users(Admin View ).png = ..\..\..\Pictures\Screenshots\iMeeting\View Users(Admin View ).png
	EndProjectSection
EndProject
Global
	GlobalSection(SolutionConfigurationPlatforms) = preSolution
		Debug|Any CPU = Debug|Any CPU
		Release|Any CPU = Release|Any CPU
	EndGlobalSection
	GlobalSection(ProjectConfigurationPlatforms) = postSolution
		{BDABDEC8-24B3-494F-A7BF-66DB71CDC0BA}.Debug|Any CPU.ActiveCfg = Debug|Any CPU
		{BDABDEC8-24B3-494F-A7BF-66DB71CDC0BA}.Debug|Any CPU.Build.0 = Debug|Any CPU
		{BDABDEC8-24B3-494F-A7BF-66DB71CDC0BA}.Release|Any CPU.ActiveCfg = Release|Any CPU
		{BDABDEC8-24B3-494F-A7BF-66DB71CDC0BA}.Release|Any CPU.Build.0 = Release|Any CPU
		{E6F05C4F-76C4-49C1-B364-878620D5E01B}.Debug|Any CPU.ActiveCfg = Debug|Any CPU
		{E6F05C4F-76C4-49C1-B364-878620D5E01B}.Debug|Any CPU.Build.0 = Debug|Any CPU
		{E6F05C4F-76C4-49C1-B364-878620D5E01B}.Release|Any CPU.ActiveCfg = Release|Any CPU
		{E6F05C4F-76C4-49C1-B364-878620D5E01B}.Release|Any CPU.Build.0 = Release|Any CPU
		{159F7012-78A9-47E0-B086-5B862CE51FA3}.Debug|Any CPU.ActiveCfg = Debug|Any CPU
		{159F7012-78A9-47E0-B086-5B862CE51FA3}.Debug|Any CPU.Build.0 = Debug|Any CPU
		{159F7012-78A9-47E0-B086-5B862CE51FA3}.Release|Any CPU.ActiveCfg = Release|Any CPU
		{159F7012-78A9-47E0-B086-5B862CE51FA3}.Release|Any CPU.Build.0 = Release|Any CPU
	EndGlobalSection
	GlobalSection(SolutionProperties) = preSolution
		HideSolutionNode = FALSE
	EndGlobalSection
	GlobalSection(ExtensibilityGlobals) = postSolution
		SolutionGuid = {AF1F07A8-EBD3-4081-A428-2172DA308B00}
	EndGlobalSection
EndGlobal
